name: mlewp-ed2-ch4-outliers
channels:
  - conda-forge
  - defaults
dependencies:
  - _libgcc_mutex=0.1=conda_forge
  - _openmp_mutex=4.5=2_gnu
  - bandit=1.6.0=py_1
  - brotlipy=0.7.0=py310h2372a71_1006
  - bzip2=1.0.8=h4bc722e_7
  - ca-certificates=2022.12.7=ha878542_0
  - certifi=2022.12.7=pyhd8ed1ab_0
  - cffi=1.15.1=py310h2fee648_5
  - charset-normalizer=3.1.0=pyhd8ed1ab_0
  - colorama=0.4.6=pyhd8ed1ab_0
  - coverage=7.2.5=py310h2372a71_0
  - cryptography=40.0.2=py310h34c0648_0
  - gitdb=4.0.10=pyhd8ed1ab_0
  - gitpython=3.1.31=pyhd8ed1ab_0
  - idna=3.4=pyhd8ed1ab_0
  - importlib-metadata=6.6.0=pyha770c72_0
  - iniconfig=2.0.0=pyhd8ed1ab_0
  - joblib=1.2.0=pyhd8ed1ab_0
  - ld_impl_linux-64=2.40=hf3520f5_7
  - libblas=3.9.0=16_linux64_openblas
  - libcblas=3.9.0=16_linux64_openblas
  - libcxx=16.0.2=h00ab1b0_0
  - libcxxabi=16.0.2=ha770c72_0
  - libffi=3.4.2=h7f98852_5
  - libgcc=14.1.0=h77fa898_1
  - libgcc-ng=14.1.0=h69a702a_1
  - libgfortran=14.1.0=h69a702a_1
  - libgfortran-ng=14.1.0=h69a702a_1
  - libgfortran5=14.1.0=hc5f4f2c_1
  - libgomp=14.1.0=h77fa898_1
  - liblapack=3.9.0=16_linux64_openblas
  - libnsl=2.0.1=hd590300_0
  - libopenblas=0.3.21=pthreads_h78a6416_3
  - libsqlite=3.40.0=h753d276_1
  - libstdcxx=14.1.0=hc0a3c3a_1
  - libstdcxx-ng=14.1.0=h4852527_1
  - libuuid=2.38.1=h0b41bf4_0
  - libzlib=1.2.13=h4ab18f5_6
  - llvm-openmp=16.0.3=h4dfa4b3_0
  - ncurses=6.3=h27087fc_1
  - numpy=1.24.3=py310ha4c1d20_0
  - openssl=3.1.0=hd590300_3
  - pandas=2.0.1=py310h7cbd5c2_1
  - pbr=5.11.1=pyhd8ed1ab_0
  - pip=23.1.2=pyhd8ed1ab_0
  - pooch=1.7.0=pyhd8ed1ab_4
  - pycparser=2.21=pyhd8ed1ab_0
  - pyopenssl=23.1.1=pyhd8ed1ab_0
  - pysocks=1.7.1=pyha2e5f31_6
  - pytest-cov=4.0.0=pyhd8ed1ab_0
  - python=3.10.8=h4a9ceb5_0_cpython
  - python-dateutil=2.8.2=pyhd8ed1ab_0
  - python-tzdata=2023.3=pyhd8ed1ab_0
  - python_abi=3.10=5_cp310
  - pytz=2023.3.post1=pyhd8ed1ab_0
  - pyyaml=6.0.2=py310h5b4e0ec_0
  - readline=8.2=h8228510_1
  - requests=2.29.0=pyhd8ed1ab_0
  - scikit-learn=1.2.2=py310hf7d194e_2
  - scipy=1.10.1=py310ha4c1d20_3
  - setuptools=67.7.2=pyhd8ed1ab_0
  - six=1.16.0=pyh6c4a22f_0
  - smmap=3.0.5=pyh44b312d_0
  - stevedore=5.0.0=pyhd8ed1ab_0
  - threadpoolctl=3.1.0=pyh8a188c0_0
  - tk=8.6.12=h27826a3_0
  - toml=0.10.2=pyhd8ed1ab_0
  - tomli=2.0.1=pyhd8ed1ab_0
  - typing-extensions=4.5.0=hd8ed1ab_0
  - typing_extensions=4.5.0=pyha770c72_0
  - tzdata=2023c=h71feb2d_0
  - urllib3=1.26.15=pyhd8ed1ab_0
  - wheel=0.40.0=pyhd8ed1ab_1
  - xz=5.2.6=h166bdaf_0
  - yaml=0.2.5=h7f98852_2
  - zipp=3.15.0=pyhd8ed1ab_0
  - zstd=1.5.6=ha6fb4c9_0
  - pip:
      - beautifulsoup4==4.12.3
      - build==1.2.1
      - cachecontrol==0.14.0
      - cleo==2.1.0
      - click==8.1.7
      - crashtest==0.4.1
      - distlib==0.3.8
      - dparse==0.6.3
      - dulwich==0.21.7
      - exceptiongroup==1.2.2
      - fastjsonschema==2.20.0
      - filelock==3.15.4
      - installer==0.7.0
      - jaraco-classes==3.4.0
      - jeepney==0.8.0
      - keyring==24.3.1
      - more-itertools==10.4.0
      - msgpack==1.0.8
      - outliers==0.1
      - packaging==21.3
      - pexpect==4.9.0
      - pkginfo==1.11.1
      - platformdirs==4.2.2
      - pluggy==1.5.0
      - poetry==1.8.3
      - poetry-core==1.9.0
      - poetry-plugin-export==1.8.0
      - ptyprocess==0.7.0
      - pyparsing==3.1.1
      - pyproject-hooks==1.1.0
      - pytest==8.3.2
      - rapidfuzz==3.9.6
      - requests-toolbelt==1.0.0
      - ruamel-yaml==0.17.32
      - ruamel-yaml-clib==0.2.7
      - safety==2.3.5
      - secretstorage==3.3.3
      - shellingham==1.5.4
      - soupsieve==2.6
      - tomlkit==0.13.2
      - trove-classifiers==2024.7.2
      - validators==0.33.0
      - virtualenv==20.26.3
prefix: /home/dbmello/anaconda3/envs/mlewp-ed2-ch4-outliers
